
Microsoft Visual Studio Solution File, Format Version 12.00
# Visual Studio Version 17
VisualStudioVersion = 17.6.33723.286
MinimumVisualStudioVersion = 10.0.40219.1
Project("{FAE04EC0-301F-11D3-BF4B-00C04F79EFBC}") = "AddressBookUsingFileIO", "AddressBookUsingFileIO\AddressBookUsingFileIO.csproj", "{1D25B2E8-B760-46BD-AC4E-7A9A2C185498}"
EndProject
Global
	GlobalSection(SolutionConfigurationPlatforms) = preSolution
		Debug|Any CPU = Debug|Any CPU
		Release|Any CPU = Release|Any CPU
	EndGlobalSection
	GlobalSection(ProjectConfigurationPlatforms) = postSolution
		{1D25B2E8-B760-46BD-AC4E-7A9A2C185498}.Debug|Any CPU.ActiveCfg = Debug|Any CPU
		{1D25B2E8-B760-46BD-AC4E-7A9A2C185498}.Debug|Any CPU.Build.0 = Debug|Any CPU
		{1D25B2E8-B760-46BD-AC4E-7A9A2C185498}.Release|Any CPU.ActiveCfg = Release|Any CPU
		{1D25B2E8-B760-46BD-AC4E-7A9A2C185498}.Release|Any CPU.Build.0 = Release|Any CPU
	EndGlobalSection
	GlobalSection(SolutionProperties) = preSolution
		HideSolutionNode = FALSE
	EndGlobalSection
	GlobalSection(ExtensibilityGlobals) = postSolution
		SolutionGuid = {BF633D00-B170-43FB-A162-43F27F451574}
	EndGlobalSection
EndGlobal
